
Microsoft Visual Studio Solution File, Format Version 12.00
# Visual Studio Version 17
VisualStudioVersion = 17.10.35027.167
MinimumVisualStudioVersion = 10.0.40219.1
Project("{FAE04EC0-301F-11D3-BF4B-00C04F79EFBC}") = "libcrc", "libcrc\libcrc.csproj", "{9822C1AE-FD24-4781-BBE3-75010FAFCB12}"
EndProject
Global
	GlobalSection(SolutionConfigurationPlatforms) = preSolution
		Debug|Any CPU = Debug|Any CPU
		Release|Any CPU = Release|Any CPU
	EndGlobalSection
	GlobalSection(ProjectConfigurationPlatforms) = postSolution
		{9822C1AE-FD24-4781-BBE3-75010FAFCB12}.Debug|Any CPU.ActiveCfg = Debug|Any CPU
		{9822C1AE-FD24-4781-BBE3-75010FAFCB12}.Debug|Any CPU.Build.0 = Debug|Any CPU
		{9822C1AE-FD24-4781-BBE3-75010FAFCB12}.Release|Any CPU.ActiveCfg = Release|Any CPU
		{9822C1AE-FD24-4781-BBE3-75010FAFCB12}.Release|Any CPU.Build.0 = Release|Any CPU
	EndGlobalSection
	GlobalSection(SolutionProperties) = preSolution
		HideSolutionNode = FALSE
	EndGlobalSection
	GlobalSection(ExtensibilityGlobals) = postSolution
		SolutionGuid = {BF4EBA29-E554-426C-A653-FD4AF501543C}
	EndGlobalSection
EndGlobal
